
Microsoft Visual Studio Solution File, Format Version 12.00
# Visual Studio 2012
Project("{8BC9CEB8-8B4A-11D0-8D11-00A0C91BC942}") = "lab3", "lab3\lab3.vcxproj", "{2173DA07-4692-4A5A-B537-25D9045F30BA}"
EndProject
Global
	GlobalSection(SolutionConfigurationPlatforms) = preSolution
		Debug|Win32 = Debug|Win32
		Release|Win32 = Release|Win32
	EndGlobalSection
	GlobalSection(ProjectConfigurationPlatforms) = postSolution
		{2173DA07-4692-4A5A-B537-25D9045F30BA}.Debug|Win32.ActiveCfg = Debug|Win32
		{2173DA07-4692-4A5A-B537-25D9045F30BA}.Debug|Win32.Build.0 = Debug|Win32
		{2173DA07-4692-4A5A-B537-25D9045F30BA}.Release|Win32.ActiveCfg = Release|Win32
		{2173DA07-4692-4A5A-B537-25D9045F30BA}.Release|Win32.Build.0 = Release|Win32
	EndGlobalSection
	GlobalSection(SolutionProperties) = preSolution
		HideSolutionNode = FALSE
	EndGlobalSection
EndGlobal
