
Microsoft Visual Studio Solution File, Format Version 12.00
# Visual Studio 2012
Project("{8BC9CEB8-8B4A-11D0-8D11-00A0C91BC942}") = "Term Project - Game", "Term Project - Game\Term Project - Game.vcxproj", "{85261E79-7626-416B-B1AF-8F2650A92337}"
EndProject
Global
	GlobalSection(SolutionConfigurationPlatforms) = preSolution
		Debug|Win32 = Debug|Win32
		DebugStatic|Win32 = DebugStatic|Win32
		Release|Win32 = Release|Win32
		ReleaseStatic|Win32 = ReleaseStatic|Win32
	EndGlobalSection
	GlobalSection(ProjectConfigurationPlatforms) = postSolution
		{85261E79-7626-416B-B1AF-8F2650A92337}.Debug|Win32.ActiveCfg = Debug|Win32
		{85261E79-7626-416B-B1AF-8F2650A92337}.Debug|Win32.Build.0 = Debug|Win32
		{85261E79-7626-416B-B1AF-8F2650A92337}.DebugStatic|Win32.ActiveCfg = DebugStatic|Win32
		{85261E79-7626-416B-B1AF-8F2650A92337}.DebugStatic|Win32.Build.0 = DebugStatic|Win32
		{85261E79-7626-416B-B1AF-8F2650A92337}.Release|Win32.ActiveCfg = Release|Win32
		{85261E79-7626-416B-B1AF-8F2650A92337}.Release|Win32.Build.0 = Release|Win32
		{85261E79-7626-416B-B1AF-8F2650A92337}.ReleaseStatic|Win32.ActiveCfg = ReleaseStatic|Win32
		{85261E79-7626-416B-B1AF-8F2650A92337}.ReleaseStatic|Win32.Build.0 = ReleaseStatic|Win32
	EndGlobalSection
	GlobalSection(SolutionProperties) = preSolution
		HideSolutionNode = FALSE
	EndGlobalSection
EndGlobal
